
Microsoft Visual Studio Solution File, Format Version 12.00
# Visual Studio 15
VisualStudioVersion = 15.0.28307.168
MinimumVisualStudioVersion = 10.0.40219.1
Project("{FAE04EC0-301F-11D3-BF4B-00C04F79EFBC}") = "questao1", "questao1\questao1.csproj", "{2AF16611-1ED9-46D1-8AA1-E1C5FC04353B}"
EndProject
Project("{FAE04EC0-301F-11D3-BF4B-00C04F79EFBC}") = "questao2", "questao2\questao2.csproj", "{702BFA65-D569-45FE-84C6-1CF572F958AB}"
EndProject
Project("{FAE04EC0-301F-11D3-BF4B-00C04F79EFBC}") = "questao3", "questao3\questao3.csproj", "{707051E2-18DC-4E65-9AC6-E23A26736AF1}"
EndProject
Project("{FAE04EC0-301F-11D3-BF4B-00C04F79EFBC}") = "questao4", "questao4\questao4.csproj", "{A4F799D4-E28D-4CAC-9E58-DEF977AE2F1C}"
EndProject
Project("{FAE04EC0-301F-11D3-BF4B-00C04F79EFBC}") = "questao5", "questao5\questao5.csproj", "{6155B2FF-9DE4-432E-B1F6-1F8BC50B3A15}"
EndProject
Global
	GlobalSection(SolutionConfigurationPlatforms) = preSolution
		Debug|Any CPU = Debug|Any CPU
		Release|Any CPU = Release|Any CPU
	EndGlobalSection
	GlobalSection(ProjectConfigurationPlatforms) = postSolution
		{2AF16611-1ED9-46D1-8AA1-E1C5FC04353B}.Debug|Any CPU.ActiveCfg = Debug|Any CPU
		{2AF16611-1ED9-46D1-8AA1-E1C5FC04353B}.Debug|Any CPU.Build.0 = Debug|Any CPU
		{2AF16611-1ED9-46D1-8AA1-E1C5FC04353B}.Release|Any CPU.ActiveCfg = Release|Any CPU
		{2AF16611-1ED9-46D1-8AA1-E1C5FC04353B}.Release|Any CPU.Build.0 = Release|Any CPU
		{702BFA65-D569-45FE-84C6-1CF572F958AB}.Debug|Any CPU.ActiveCfg = Debug|Any CPU
		{702BFA65-D569-45FE-84C6-1CF572F958AB}.Debug|Any CPU.Build.0 = Debug|Any CPU
		{702BFA65-D569-45FE-84C6-1CF572F958AB}.Release|Any CPU.ActiveCfg = Release|Any CPU
		{702BFA65-D569-45FE-84C6-1CF572F958AB}.Release|Any CPU.Build.0 = Release|Any CPU
		{707051E2-18DC-4E65-9AC6-E23A26736AF1}.Debug|Any CPU.ActiveCfg = Debug|Any CPU
		{707051E2-18DC-4E65-9AC6-E23A26736AF1}.Debug|Any CPU.Build.0 = Debug|Any CPU
		{707051E2-18DC-4E65-9AC6-E23A26736AF1}.Release|Any CPU.ActiveCfg = Release|Any CPU
		{707051E2-18DC-4E65-9AC6-E23A26736AF1}.Release|Any CPU.Build.0 = Release|Any CPU
		{A4F799D4-E28D-4CAC-9E58-DEF977AE2F1C}.Debug|Any CPU.ActiveCfg = Debug|Any CPU
		{A4F799D4-E28D-4CAC-9E58-DEF977AE2F1C}.Debug|Any CPU.Build.0 = Debug|Any CPU
		{A4F799D4-E28D-4CAC-9E58-DEF977AE2F1C}.Release|Any CPU.ActiveCfg = Release|Any CPU
		{A4F799D4-E28D-4CAC-9E58-DEF977AE2F1C}.Release|Any CPU.Build.0 = Release|Any CPU
		{6155B2FF-9DE4-432E-B1F6-1F8BC50B3A15}.Debug|Any CPU.ActiveCfg = Debug|Any CPU
		{6155B2FF-9DE4-432E-B1F6-1F8BC50B3A15}.Debug|Any CPU.Build.0 = Debug|Any CPU
		{6155B2FF-9DE4-432E-B1F6-1F8BC50B3A15}.Release|Any CPU.ActiveCfg = Release|Any CPU
		{6155B2FF-9DE4-432E-B1F6-1F8BC50B3A15}.Release|Any CPU.Build.0 = Release|Any CPU
	EndGlobalSection
	GlobalSection(SolutionProperties) = preSolution
		HideSolutionNode = FALSE
	EndGlobalSection
	GlobalSection(ExtensibilityGlobals) = postSolution
		SolutionGuid = {6D1D5FB1-6CD8-44D4-8EF4-5273856A2285}
	EndGlobalSection
EndGlobal
